
Microsoft Visual Studio Solution File, Format Version 12.00
# Visual Studio Version 18
VisualStudioVersion = 18.4.11620.152
MinimumVisualStudioVersion = 10.0.40219.1
Project("{FAE04EC0-301F-11D3-BF4B-00C04F79EFBC}") = "Products.Write.API", "Products.Write.API\Products.Write.API.csproj", "{D953C445-1661-4523-B696-BB635A2D4E63}"
EndProject
Project("{FAE04EC0-301F-11D3-BF4B-00C04F79EFBC}") = "Products.Read.API", "Products.Read.API\Products.Read.API.csproj", "{533AABFC-F243-46F8-B7E8-242976EF396B}"
EndProject
Project("{2150E333-8FDC-42A3-9474-1A3956D46DE8}") = "Notes", "Notes", "{02EA681E-C7D8-13C7-8484-4AC65E1B71E8}"
	ProjectSection(SolutionItems) = preProject
		architecture_notes.txt = architecture_notes.txt
		azure_notes.txt = azure_notes.txt
		cache_notes.txt = cache_notes.txt
		correlationid_notes.txt = correlationid_notes.txt
		deploy.txt = deploy.txt
		error_handling.txt = error_handling.txt
		event_dispatch.txt = event_dispatch.txt
		fluent_validation.txt = fluent_validation.txt
		git_notes.txt = git_notes.txt
		healthchecks_notes.txt = healthchecks_notes.txt
		mediatr_notes.txt = mediatr_notes.txt
		problem_details.txt = problem_details.txt
		scratchpad.txt = scratchpad.txt
		serilog_notes.txt = serilog_notes.txt
		significant_notes.txt = significant_notes.txt
		todo.txt = todo.txt
		user_secrets_required.txt = user_secrets_required.txt
		validation_for.txt = validation_for.txt
		yarp_notes.txt = yarp_notes.txt
	EndProjectSection
EndProject
Project("{FAE04EC0-301F-11D3-BF4B-00C04F79EFBC}") = "Products.Write.Infrastructure", "Products.Write.Infrastructure\Products.Write.Infrastructure.csproj", "{460F53B0-473B-467D-964A-93AD1BE14B04}"
EndProject
Project("{FAE04EC0-301F-11D3-BF4B-00C04F79EFBC}") = "Products.Write.Domain", "Products.Write.Domain\Products.Write.Domain.csproj", "{9ACB4862-73BA-4A27-8ACA-1A630EB81DCC}"
EndProject
Project("{FAE04EC0-301F-11D3-BF4B-00C04F79EFBC}") = "Products.Shared", "Products.Shared\Products.Shared.csproj", "{E0AA1CF4-CD24-4B63-A578-76199798A0B0}"
EndProject
Project("{FAE04EC0-301F-11D3-BF4B-00C04F79EFBC}") = "MikesPawnShop.Console", "MikesPawnShop.Console\MikesPawnShop.Console.csproj", "{00176A22-2B1D-4BCD-BED9-4E3713AD52B3}"
EndProject
Project("{FAE04EC0-301F-11D3-BF4B-00C04F79EFBC}") = "Products.Write.Infrastructure.Tests.Unit", "Products.Write.Infrastructure.Tests.Unit\Products.Write.Infrastructure.Tests.Unit.csproj", "{C067D60B-1FDE-494C-8614-E2B812139864}"
EndProject
Project("{FAE04EC0-301F-11D3-BF4B-00C04F79EFBC}") = "Products.Write.Application", "Products.Write.Application\Products.Write.Application.csproj", "{63C6C17E-CF4F-42CE-8531-69166849F1F9}"
EndProject
Project("{FAE04EC0-301F-11D3-BF4B-00C04F79EFBC}") = "Products.Write.API.Tests.Unit", "Products.Write.API.Tests.Unit\Products.Write.API.Tests.Unit.csproj", "{620938CE-2FC9-4CE3-ACC4-C2F394B154A5}"
EndProject
Project("{FAE04EC0-301F-11D3-BF4B-00C04F79EFBC}") = "Products.Write.Application.Tests.Unit", "Products.Write.Application.Tests.Unit\Products.Write.Application.Tests.Unit.csproj", "{49FFFCFF-1C43-4110-9F42-D5391457D14C}"
EndProject
Project("{FAE04EC0-301F-11D3-BF4B-00C04F79EFBC}") = "Products.Read.API.Tests.Unit", "Products.Read.API.Tests.Unit\Products.Read.API.Tests.Unit.csproj", "{622F12E8-22F4-42B0-9A4C-194D58F17BE6}"
EndProject
Project("{FAE04EC0-301F-11D3-BF4B-00C04F79EFBC}") = "Development.Blazor", "Development.Blazor\Development.Blazor\Development.Blazor.csproj", "{21C5C144-2BA5-4CC9-AA3B-F04C259EB064}"
EndProject
Project("{FAE04EC0-301F-11D3-BF4B-00C04F79EFBC}") = "Development.Blazor.Client", "Development.Blazor\Development.Blazor.Client\Development.Blazor.Client.csproj", "{87623208-A787-45B0-AE1E-4B02FD840794}"
EndProject
Project("{FAE04EC0-301F-11D3-BF4B-00C04F79EFBC}") = "Carts.API", "Carts.API\Carts.API.csproj", "{D5BA0373-A7B5-45EE-9971-A0D9BB8A986E}"
EndProject
Project("{FAE04EC0-301F-11D3-BF4B-00C04F79EFBC}") = "IdentityProvider", "IdentityProvider\IdentityProvider.csproj", "{89F1F671-7C9C-6E19-7889-627D78432F54}"
EndProject
Project("{FAE04EC0-301F-11D3-BF4B-00C04F79EFBC}") = "Orders.API", "Orders.API\Orders.API.csproj", "{8C569DCC-59E3-4311-B09A-1CCD7EC61843}"
EndProject
Project("{FAE04EC0-301F-11D3-BF4B-00C04F79EFBC}") = "Accounts.API", "Accounts.API\Accounts.API.csproj", "{9D5B970A-EF2E-4918-95F7-A918AD177AE1}"
EndProject
Project("{FAE04EC0-301F-11D3-BF4B-00C04F79EFBC}") = "Consumer.Blazor", "Consumer.Blazor\Consumer.Blazor\Consumer.Blazor.csproj", "{98603F4F-F1AB-4B6B-9480-5D33BED1ECA3}"
EndProject
Project("{FAE04EC0-301F-11D3-BF4B-00C04F79EFBC}") = "Consumer.Blazor.Client", "Consumer.Blazor\Consumer.Blazor.Client\Consumer.Blazor.Client.csproj", "{C48BB86C-43C1-4FAF-984C-163AFB8C98F2}"
EndProject
Project("{FAE04EC0-301F-11D3-BF4B-00C04F79EFBC}") = "Admin.Blazor", "Admin.Blazor\Admin.Blazor\Admin.Blazor.csproj", "{B73FB69F-2AB3-4724-A6F3-0DAA55A9046D}"
EndProject
Project("{FAE04EC0-301F-11D3-BF4B-00C04F79EFBC}") = "Admin.Blazor.Client", "Admin.Blazor\Admin.Blazor.Client\Admin.Blazor.Client.csproj", "{4B6B368B-8B50-4653-996D-9933B19FBA1C}"
EndProject
Project("{2150E333-8FDC-42A3-9474-1A3956D46DE8}") = "Microservices", "Microservices", "{5AF11AC4-7CD5-47A7-BF36-7509BE9011FA}"
EndProject
Project("{2150E333-8FDC-42A3-9474-1A3956D46DE8}") = "Clients", "Clients", "{B3C696BA-FC7E-499D-BA12-996191574CFA}"
EndProject
Project("{2150E333-8FDC-42A3-9474-1A3956D46DE8}") = "Order", "Order", "{A3303EB8-00C2-4211-AADE-815C15BA80E4}"
EndProject
Project("{2150E333-8FDC-42A3-9474-1A3956D46DE8}") = "Account", "Account", "{F120393B-7746-4EAB-9840-D483C1E2D9F7}"
EndProject
Project("{2150E333-8FDC-42A3-9474-1A3956D46DE8}") = "Cart", "Cart", "{02058FF8-CCE0-41BC-A681-3CE78E6017C9}"
EndProject
Project("{2150E333-8FDC-42A3-9474-1A3956D46DE8}") = "ProductWrite", "ProductWrite", "{7F90853F-31F8-4C45-8861-42759B32E6A6}"
EndProject
Project("{2150E333-8FDC-42A3-9474-1A3956D46DE8}") = "ProductRead", "ProductRead", "{74AE9AF6-DFB4-4B6D-A63D-910303376EDC}"
EndProject
Project("{2150E333-8FDC-42A3-9474-1A3956D46DE8}") = "Shared", "Shared", "{A4E90503-7B2B-463D-9E07-7D5DCE097437}"
EndProject
Project("{2150E333-8FDC-42A3-9474-1A3956D46DE8}") = "IDP", "IDP", "{AB7915D4-21F3-4DCA-94FE-318BF8F30318}"
EndProject
Project("{FAE04EC0-301F-11D3-BF4B-00C04F79EFBC}") = "YarpReverseProxy", "YarpReverseProxy\YarpReverseProxy.csproj", "{65C36C59-BB28-4B33-975D-BA3A4EC940D7}"
EndProject
Project("{2150E333-8FDC-42A3-9474-1A3956D46DE8}") = "Proxies", "Proxies", "{CAD9AA68-2D23-4BD7-8EC8-8B3AF039FAAF}"
EndProject
Global
	GlobalSection(SolutionConfigurationPlatforms) = preSolution
		Debug|Any CPU = Debug|Any CPU
		Release|Any CPU = Release|Any CPU
	EndGlobalSection
	GlobalSection(ProjectConfigurationPlatforms) = postSolution
		{D953C445-1661-4523-B696-BB635A2D4E63}.Debug|Any CPU.ActiveCfg = Debug|Any CPU
		{D953C445-1661-4523-B696-BB635A2D4E63}.Debug|Any CPU.Build.0 = Debug|Any CPU
		{D953C445-1661-4523-B696-BB635A2D4E63}.Release|Any CPU.ActiveCfg = Release|Any CPU
		{D953C445-1661-4523-B696-BB635A2D4E63}.Release|Any CPU.Build.0 = Release|Any CPU
		{533AABFC-F243-46F8-B7E8-242976EF396B}.Debug|Any CPU.ActiveCfg = Debug|Any CPU
		{533AABFC-F243-46F8-B7E8-242976EF396B}.Debug|Any CPU.Build.0 = Debug|Any CPU
		{533AABFC-F243-46F8-B7E8-242976EF396B}.Release|Any CPU.ActiveCfg = Release|Any CPU
		{533AABFC-F243-46F8-B7E8-242976EF396B}.Release|Any CPU.Build.0 = Release|Any CPU
		{460F53B0-473B-467D-964A-93AD1BE14B04}.Debug|Any CPU.ActiveCfg = Debug|Any CPU
		{460F53B0-473B-467D-964A-93AD1BE14B04}.Debug|Any CPU.Build.0 = Debug|Any CPU
		{460F53B0-473B-467D-964A-93AD1BE14B04}.Release|Any CPU.ActiveCfg = Release|Any CPU
		{460F53B0-473B-467D-964A-93AD1BE14B04}.Release|Any CPU.Build.0 = Release|Any CPU
		{9ACB4862-73BA-4A27-8ACA-1A630EB81DCC}.Debug|Any CPU.ActiveCfg = Debug|Any CPU
		{9ACB4862-73BA-4A27-8ACA-1A630EB81DCC}.Debug|Any CPU.Build.0 = Debug|Any CPU
		{9ACB4862-73BA-4A27-8ACA-1A630EB81DCC}.Release|Any CPU.ActiveCfg = Release|Any CPU
		{9ACB4862-73BA-4A27-8ACA-1A630EB81DCC}.Release|Any CPU.Build.0 = Release|Any CPU
		{E0AA1CF4-CD24-4B63-A578-76199798A0B0}.Debug|Any CPU.ActiveCfg = Debug|Any CPU
		{E0AA1CF4-CD24-4B63-A578-76199798A0B0}.Debug|Any CPU.Build.0 = Debug|Any CPU
		{E0AA1CF4-CD24-4B63-A578-76199798A0B0}.Release|Any CPU.ActiveCfg = Release|Any CPU
		{E0AA1CF4-CD24-4B63-A578-76199798A0B0}.Release|Any CPU.Build.0 = Release|Any CPU
		{00176A22-2B1D-4BCD-BED9-4E3713AD52B3}.Debug|Any CPU.ActiveCfg = Debug|Any CPU
		{00176A22-2B1D-4BCD-BED9-4E3713AD52B3}.Debug|Any CPU.Build.0 = Debug|Any CPU
		{00176A22-2B1D-4BCD-BED9-4E3713AD52B3}.Release|Any CPU.ActiveCfg = Release|Any CPU
		{00176A22-2B1D-4BCD-BED9-4E3713AD52B3}.Release|Any CPU.Build.0 = Release|Any CPU
		{C067D60B-1FDE-494C-8614-E2B812139864}.Debug|Any CPU.ActiveCfg = Debug|Any CPU
		{C067D60B-1FDE-494C-8614-E2B812139864}.Debug|Any CPU.Build.0 = Debug|Any CPU
		{C067D60B-1FDE-494C-8614-E2B812139864}.Release|Any CPU.ActiveCfg = Release|Any CPU
		{C067D60B-1FDE-494C-8614-E2B812139864}.Release|Any CPU.Build.0 = Release|Any CPU
		{63C6C17E-CF4F-42CE-8531-69166849F1F9}.Debug|Any CPU.ActiveCfg = Debug|Any CPU
		{63C6C17E-CF4F-42CE-8531-69166849F1F9}.Debug|Any CPU.Build.0 = Debug|Any CPU
		{63C6C17E-CF4F-42CE-8531-69166849F1F9}.Release|Any CPU.ActiveCfg = Release|Any CPU
		{63C6C17E-CF4F-42CE-8531-69166849F1F9}.Release|Any CPU.Build.0 = Release|Any CPU
		{620938CE-2FC9-4CE3-ACC4-C2F394B154A5}.Debug|Any CPU.ActiveCfg = Debug|Any CPU
		{620938CE-2FC9-4CE3-ACC4-C2F394B154A5}.Debug|Any CPU.Build.0 = Debug|Any CPU
		{620938CE-2FC9-4CE3-ACC4-C2F394B154A5}.Release|Any CPU.ActiveCfg = Release|Any CPU
		{620938CE-2FC9-4CE3-ACC4-C2F394B154A5}.Release|Any CPU.Build.0 = Release|Any CPU
		{49FFFCFF-1C43-4110-9F42-D5391457D14C}.Debug|Any CPU.ActiveCfg = Debug|Any CPU
		{49FFFCFF-1C43-4110-9F42-D5391457D14C}.Debug|Any CPU.Build.0 = Debug|Any CPU
		{49FFFCFF-1C43-4110-9F42-D5391457D14C}.Release|Any CPU.ActiveCfg = Release|Any CPU
		{49FFFCFF-1C43-4110-9F42-D5391457D14C}.Release|Any CPU.Build.0 = Release|Any CPU
		{622F12E8-22F4-42B0-9A4C-194D58F17BE6}.Debug|Any CPU.ActiveCfg = Debug|Any CPU
		{622F12E8-22F4-42B0-9A4C-194D58F17BE6}.Debug|Any CPU.Build.0 = Debug|Any CPU
		{622F12E8-22F4-42B0-9A4C-194D58F17BE6}.Release|Any CPU.ActiveCfg = Release|Any CPU
		{622F12E8-22F4-42B0-9A4C-194D58F17BE6}.Release|Any CPU.Build.0 = Release|Any CPU
		{21C5C144-2BA5-4CC9-AA3B-F04C259EB064}.Debug|Any CPU.ActiveCfg = Debug|Any CPU
		{21C5C144-2BA5-4CC9-AA3B-F04C259EB064}.Debug|Any CPU.Build.0 = Debug|Any CPU
		{21C5C144-2BA5-4CC9-AA3B-F04C259EB064}.Release|Any CPU.ActiveCfg = Release|Any CPU
		{21C5C144-2BA5-4CC9-AA3B-F04C259EB064}.Release|Any CPU.Build.0 = Release|Any CPU
		{87623208-A787-45B0-AE1E-4B02FD840794}.Debug|Any CPU.ActiveCfg = Debug|Any CPU
		{87623208-A787-45B0-AE1E-4B02FD840794}.Debug|Any CPU.Build.0 = Debug|Any CPU
		{87623208-A787-45B0-AE1E-4B02FD840794}.Release|Any CPU.ActiveCfg = Release|Any CPU
		{87623208-A787-45B0-AE1E-4B02FD840794}.Release|Any CPU.Build.0 = Release|Any CPU
		{D5BA0373-A7B5-45EE-9971-A0D9BB8A986E}.Debug|Any CPU.ActiveCfg = Debug|Any CPU
		{D5BA0373-A7B5-45EE-9971-A0D9BB8A986E}.Debug|Any CPU.Build.0 = Debug|Any CPU
		{D5BA0373-A7B5-45EE-9971-A0D9BB8A986E}.Release|Any CPU.ActiveCfg = Release|Any CPU
		{D5BA0373-A7B5-45EE-9971-A0D9BB8A986E}.Release|Any CPU.Build.0 = Release|Any CPU
		{89F1F671-7C9C-6E19-7889-627D78432F54}.Debug|Any CPU.ActiveCfg = Debug|Any CPU
		{89F1F671-7C9C-6E19-7889-627D78432F54}.Debug|Any CPU.Build.0 = Debug|Any CPU
		{89F1F671-7C9C-6E19-7889-627D78432F54}.Release|Any CPU.ActiveCfg = Release|Any CPU
		{89F1F671-7C9C-6E19-7889-627D78432F54}.Release|Any CPU.Build.0 = Release|Any CPU
		{8C569DCC-59E3-4311-B09A-1CCD7EC61843}.Debug|Any CPU.ActiveCfg = Debug|Any CPU
		{8C569DCC-59E3-4311-B09A-1CCD7EC61843}.Debug|Any CPU.Build.0 = Debug|Any CPU
		{8C569DCC-59E3-4311-B09A-1CCD7EC61843}.Release|Any CPU.ActiveCfg = Release|Any CPU
		{8C569DCC-59E3-4311-B09A-1CCD7EC61843}.Release|Any CPU.Build.0 = Release|Any CPU
		{9D5B970A-EF2E-4918-95F7-A918AD177AE1}.Debug|Any CPU.ActiveCfg = Debug|Any CPU
		{9D5B970A-EF2E-4918-95F7-A918AD177AE1}.Debug|Any CPU.Build.0 = Debug|Any CPU
		{9D5B970A-EF2E-4918-95F7-A918AD177AE1}.Release|Any CPU.ActiveCfg = Release|Any CPU
		{9D5B970A-EF2E-4918-95F7-A918AD177AE1}.Release|Any CPU.Build.0 = Release|Any CPU
		{98603F4F-F1AB-4B6B-9480-5D33BED1ECA3}.Debug|Any CPU.ActiveCfg = Debug|Any CPU
		{98603F4F-F1AB-4B6B-9480-5D33BED1ECA3}.Debug|Any CPU.Build.0 = Debug|Any CPU
		{98603F4F-F1AB-4B6B-9480-5D33BED1ECA3}.Release|Any CPU.ActiveCfg = Release|Any CPU
		{98603F4F-F1AB-4B6B-9480-5D33BED1ECA3}.Release|Any CPU.Build.0 = Release|Any CPU
		{C48BB86C-43C1-4FAF-984C-163AFB8C98F2}.Debug|Any CPU.ActiveCfg = Debug|Any CPU
		{C48BB86C-43C1-4FAF-984C-163AFB8C98F2}.Debug|Any CPU.Build.0 = Debug|Any CPU
		{C48BB86C-43C1-4FAF-984C-163AFB8C98F2}.Release|Any CPU.ActiveCfg = Release|Any CPU
		{C48BB86C-43C1-4FAF-984C-163AFB8C98F2}.Release|Any CPU.Build.0 = Release|Any CPU
		{B73FB69F-2AB3-4724-A6F3-0DAA55A9046D}.Debug|Any CPU.ActiveCfg = Debug|Any CPU
		{B73FB69F-2AB3-4724-A6F3-0DAA55A9046D}.Debug|Any CPU.Build.0 = Debug|Any CPU
		{B73FB69F-2AB3-4724-A6F3-0DAA55A9046D}.Release|Any CPU.ActiveCfg = Release|Any CPU
		{B73FB69F-2AB3-4724-A6F3-0DAA55A9046D}.Release|Any CPU.Build.0 = Release|Any CPU
		{4B6B368B-8B50-4653-996D-9933B19FBA1C}.Debug|Any CPU.ActiveCfg = Debug|Any CPU
		{4B6B368B-8B50-4653-996D-9933B19FBA1C}.Debug|Any CPU.Build.0 = Debug|Any CPU
		{4B6B368B-8B50-4653-996D-9933B19FBA1C}.Release|Any CPU.ActiveCfg = Release|Any CPU
		{4B6B368B-8B50-4653-996D-9933B19FBA1C}.Release|Any CPU.Build.0 = Release|Any CPU
		{65C36C59-BB28-4B33-975D-BA3A4EC940D7}.Debug|Any CPU.ActiveCfg = Debug|Any CPU
		{65C36C59-BB28-4B33-975D-BA3A4EC940D7}.Debug|Any CPU.Build.0 = Debug|Any CPU
		{65C36C59-BB28-4B33-975D-BA3A4EC940D7}.Release|Any CPU.ActiveCfg = Release|Any CPU
		{65C36C59-BB28-4B33-975D-BA3A4EC940D7}.Release|Any CPU.Build.0 = Release|Any CPU
	EndGlobalSection
	GlobalSection(SolutionProperties) = preSolution
		HideSolutionNode = FALSE
	EndGlobalSection
	GlobalSection(NestedProjects) = preSolution
		{D953C445-1661-4523-B696-BB635A2D4E63} = {7F90853F-31F8-4C45-8861-42759B32E6A6}
		{533AABFC-F243-46F8-B7E8-242976EF396B} = {74AE9AF6-DFB4-4B6D-A63D-910303376EDC}
		{460F53B0-473B-467D-964A-93AD1BE14B04} = {7F90853F-31F8-4C45-8861-42759B32E6A6}
		{9ACB4862-73BA-4A27-8ACA-1A630EB81DCC} = {7F90853F-31F8-4C45-8861-42759B32E6A6}
		{E0AA1CF4-CD24-4B63-A578-76199798A0B0} = {A4E90503-7B2B-463D-9E07-7D5DCE097437}
		{00176A22-2B1D-4BCD-BED9-4E3713AD52B3} = {B3C696BA-FC7E-499D-BA12-996191574CFA}
		{C067D60B-1FDE-494C-8614-E2B812139864} = {7F90853F-31F8-4C45-8861-42759B32E6A6}
		{63C6C17E-CF4F-42CE-8531-69166849F1F9} = {7F90853F-31F8-4C45-8861-42759B32E6A6}
		{620938CE-2FC9-4CE3-ACC4-C2F394B154A5} = {7F90853F-31F8-4C45-8861-42759B32E6A6}
		{49FFFCFF-1C43-4110-9F42-D5391457D14C} = {7F90853F-31F8-4C45-8861-42759B32E6A6}
		{622F12E8-22F4-42B0-9A4C-194D58F17BE6} = {74AE9AF6-DFB4-4B6D-A63D-910303376EDC}
		{21C5C144-2BA5-4CC9-AA3B-F04C259EB064} = {B3C696BA-FC7E-499D-BA12-996191574CFA}
		{87623208-A787-45B0-AE1E-4B02FD840794} = {B3C696BA-FC7E-499D-BA12-996191574CFA}
		{D5BA0373-A7B5-45EE-9971-A0D9BB8A986E} = {02058FF8-CCE0-41BC-A681-3CE78E6017C9}
		{89F1F671-7C9C-6E19-7889-627D78432F54} = {AB7915D4-21F3-4DCA-94FE-318BF8F30318}
		{8C569DCC-59E3-4311-B09A-1CCD7EC61843} = {A3303EB8-00C2-4211-AADE-815C15BA80E4}
		{9D5B970A-EF2E-4918-95F7-A918AD177AE1} = {F120393B-7746-4EAB-9840-D483C1E2D9F7}
		{98603F4F-F1AB-4B6B-9480-5D33BED1ECA3} = {B3C696BA-FC7E-499D-BA12-996191574CFA}
		{C48BB86C-43C1-4FAF-984C-163AFB8C98F2} = {B3C696BA-FC7E-499D-BA12-996191574CFA}
		{B73FB69F-2AB3-4724-A6F3-0DAA55A9046D} = {B3C696BA-FC7E-499D-BA12-996191574CFA}
		{4B6B368B-8B50-4653-996D-9933B19FBA1C} = {B3C696BA-FC7E-499D-BA12-996191574CFA}
		{A3303EB8-00C2-4211-AADE-815C15BA80E4} = {5AF11AC4-7CD5-47A7-BF36-7509BE9011FA}
		{F120393B-7746-4EAB-9840-D483C1E2D9F7} = {5AF11AC4-7CD5-47A7-BF36-7509BE9011FA}
		{02058FF8-CCE0-41BC-A681-3CE78E6017C9} = {5AF11AC4-7CD5-47A7-BF36-7509BE9011FA}
		{7F90853F-31F8-4C45-8861-42759B32E6A6} = {5AF11AC4-7CD5-47A7-BF36-7509BE9011FA}
		{74AE9AF6-DFB4-4B6D-A63D-910303376EDC} = {5AF11AC4-7CD5-47A7-BF36-7509BE9011FA}
		{A4E90503-7B2B-463D-9E07-7D5DCE097437} = {5AF11AC4-7CD5-47A7-BF36-7509BE9011FA}
		{65C36C59-BB28-4B33-975D-BA3A4EC940D7} = {CAD9AA68-2D23-4BD7-8EC8-8B3AF039FAAF}
	EndGlobalSection
	GlobalSection(ExtensibilityGlobals) = postSolution
		SolutionGuid = {F7B41C0A-E2DB-4B66-8800-85872EA8AC78}
	EndGlobalSection
EndGlobal
